
Microsoft Visual Studio Solution File, Format Version 12.00
# Visual Studio Version 17
VisualStudioVersion = 17.5.2.0
MinimumVisualStudioVersion = 10.0.40219.1
Project("{FAE04EC0-301F-11D3-BF4B-00C04F79EFBC}") = "StudentGradesAPI", "API\StudentGradesAPI.csproj", "{B8339241-0B69-5F93-79B7-D03175CC40C9}"
EndProject
Project("{FAE04EC0-301F-11D3-BF4B-00C04F79EFBC}") = "StudentGradesAPI.Tests", "StudentGradesAPI.Tests\StudentGradesAPI.Tests.csproj", "{86B668E5-6D84-4D03-87C8-CE41EF294B85}"
EndProject
Global
	GlobalSection(SolutionConfigurationPlatforms) = preSolution
		Debug|Any CPU = Debug|Any CPU
		Debug|x64 = Debug|x64
		Debug|x86 = Debug|x86
		Release|Any CPU = Release|Any CPU
		Release|x64 = Release|x64
		Release|x86 = Release|x86
	EndGlobalSection
	GlobalSection(ProjectConfigurationPlatforms) = postSolution
		{B8339241-0B69-5F93-79B7-D03175CC40C9}.Debug|Any CPU.ActiveCfg = Debug|Any CPU
		{B8339241-0B69-5F93-79B7-D03175CC40C9}.Debug|Any CPU.Build.0 = Debug|Any CPU
		{B8339241-0B69-5F93-79B7-D03175CC40C9}.Debug|x64.ActiveCfg = Debug|Any CPU
		{B8339241-0B69-5F93-79B7-D03175CC40C9}.Debug|x64.Build.0 = Debug|Any CPU
		{B8339241-0B69-5F93-79B7-D03175CC40C9}.Debug|x86.ActiveCfg = Debug|Any CPU
		{B8339241-0B69-5F93-79B7-D03175CC40C9}.Debug|x86.Build.0 = Debug|Any CPU
		{B8339241-0B69-5F93-79B7-D03175CC40C9}.Release|Any CPU.ActiveCfg = Release|Any CPU
		{B8339241-0B69-5F93-79B7-D03175CC40C9}.Release|Any CPU.Build.0 = Release|Any CPU
		{B8339241-0B69-5F93-79B7-D03175CC40C9}.Release|x64.ActiveCfg = Release|Any CPU
		{B8339241-0B69-5F93-79B7-D03175CC40C9}.Release|x64.Build.0 = Release|Any CPU
		{B8339241-0B69-5F93-79B7-D03175CC40C9}.Release|x86.ActiveCfg = Release|Any CPU
		{B8339241-0B69-5F93-79B7-D03175CC40C9}.Release|x86.Build.0 = Release|Any CPU
		{86B668E5-6D84-4D03-87C8-CE41EF294B85}.Debug|Any CPU.ActiveCfg = Debug|Any CPU
		{86B668E5-6D84-4D03-87C8-CE41EF294B85}.Debug|Any CPU.Build.0 = Debug|Any CPU
		{86B668E5-6D84-4D03-87C8-CE41EF294B85}.Debug|x64.ActiveCfg = Debug|Any CPU
		{86B668E5-6D84-4D03-87C8-CE41EF294B85}.Debug|x64.Build.0 = Debug|Any CPU
		{86B668E5-6D84-4D03-87C8-CE41EF294B85}.Debug|x86.ActiveCfg = Debug|Any CPU
		{86B668E5-6D84-4D03-87C8-CE41EF294B85}.Debug|x86.Build.0 = Debug|Any CPU
		{86B668E5-6D84-4D03-87C8-CE41EF294B85}.Release|Any CPU.ActiveCfg = Release|Any CPU
		{86B668E5-6D84-4D03-87C8-CE41EF294B85}.Release|Any CPU.Build.0 = Release|Any CPU
		{86B668E5-6D84-4D03-87C8-CE41EF294B85}.Release|x64.ActiveCfg = Release|Any CPU
		{86B668E5-6D84-4D03-87C8-CE41EF294B85}.Release|x64.Build.0 = Release|Any CPU
		{86B668E5-6D84-4D03-87C8-CE41EF294B85}.Release|x86.ActiveCfg = Release|Any CPU
		{86B668E5-6D84-4D03-87C8-CE41EF294B85}.Release|x86.Build.0 = Release|Any CPU
	EndGlobalSection
	GlobalSection(SolutionProperties) = preSolution
		HideSolutionNode = FALSE
	EndGlobalSection
	GlobalSection(ExtensibilityGlobals) = postSolution
		SolutionGuid = {076A5D58-2C44-4E57-B2D6-0E15775BCFA5}
	EndGlobalSection
EndGlobal
